PODS:
  - Bolts (1.1.3)
  - Facebook-iOS-SDK (3.21.1):
    - Bolts (~> 1.0)
  - JSQMessagesViewController (6.1.0):
    - JSQSystemSoundPlayer (~> 2.0.0)
  - JSQSystemSoundPlayer (2.0.0)
  - Parse (1.6.0):
    - Bolts (~> 1.1.3)
  - ParseFacebookUtils (1.6.0):
    - Facebook-iOS-SDK (~> 3.20)
    - Parse (~> 1.6.0)
  - ParseUI (1.0.2):
    - Parse (~> 1.5)
    - ParseFacebookUtils (~> 1.5)

DEPENDENCIES:
  - Facebook-iOS-SDK
  - JSQMessagesViewController
  - Parse
  - ParseFacebookUtils
  - ParseUI

SPEC CHECKSUMS:
  Bolts: 3db0a875235e0c9042b013af13af0f00f79b102c
  Facebook-iOS-SDK: 18c26e86ab25c17854a2ee2a8f60562099c6600f
  JSQMessagesViewController: 8998c086bf6db5d6190376041903d5be2961f03f
  JSQSystemSoundPlayer: c98443b1cbb3b45db09d0d3d6c2355cf78294981
  Parse: f15dfacd941ee8084a5decbef486da8b223c2810
  ParseFacebookUtils: 8d33da72678c4c03a3b94332179dc04548bbd268
  ParseUI: 0eed358b238dcd66949ebc22513eba603e110087

COCOAPODS: 0.35.0
